Microsoft Visual Studio Solution File, Format Version 12.00
# Visual Studio 15
VisualStudioVersion = 15.0.26730.16
MinimumVisualStudioVersion = 10.0.40219.1
Project("{9A19103F-16F7-4668-BE54-9A1E7A4F7556}") = "PacketDecoders", "PacketDecoders\PacketDecoders.csproj", "{C024734C-4F3E-4609-89DA-A2E24697712E}"
EndProject
Project("{9A19103F-16F7-4668-BE54-9A1E7A4F7556}") = "ConversationTracker", "ConversationTracker\ConversationTracker.csproj", "{3AE2DDE3-2A80-4021-8CB6-312004DC8A80}"
EndProject
Project("{2150E333-8FDC-42A3-9474-1A3956D46DE8}") = "Examples", "Examples", "{502B606B-B579-48A4-9D3D-6718AF9DE0D9}"
EndProject
Project("{9A19103F-16F7-4668-BE54-9A1E7A4F7556}") = "flowstat", "Examples\flowstat\flowstat.csproj", "{59CC80E0-5A49-4F29-BB57-00B60505307B}"
EndProject
Project("{9A19103F-16F7-4668-BE54-9A1E7A4F7556}") = "lwm2mdump", "Examples\lwm2mdump\lwm2mdump.csproj", "{5394A23C-3D09-4943-ADD4-CD5286A8449C}"
EndProject
Project("{9A19103F-16F7-4668-BE54-9A1E7A4F7556}") = "protoident", "Examples\protoident\protoident.csproj", "{DD70D026-B757-4316-9325-179BE6DC6757}"
EndProject
Project("{9A19103F-16F7-4668-BE54-9A1E7A4F7556}") = "dnscheck", "Examples\dnscheck\dnscheck.csproj", "{979E766A-D1F1-482D-AF50-F84C5CD79979}"
EndProject
Project("{FAE04EC0-301F-11D3-BF4B-00C04F79EFBC}") = "StreamLog", "StreamLog\StreamLog.csproj", "{580E40A7-8FFD-4ECD-BC28-3F845A7807FC}"
EndProject
Project("{2150E333-8FDC-42A3-9474-1A3956D46DE8}") = "Test", "Test", "{1D03168B-7F04-4EAD-94FE-814313B57ED7}"
EndProject
Project("{FAE04EC0-301F-11D3-BF4B-00C04F79EFBC}") = "PacketDecodersTests", "Test\PacketDecodersTests\PacketDecodersTests.csproj", "{81C90A0D-CBB8-4609-BE45-3DBB16501ECE}"
EndProject
Global
	GlobalSection(SolutionConfigurationPlatforms) = preSolution
		Debug|Any CPU = Debug|Any CPU
		Release|Any CPU = Release|Any CPU
		Debug|x64 = Debug|x64
		Debug|x86 = Debug|x86
		Release|x64 = Release|x64
		Release|x86 = Release|x86
	EndGlobalSection
	GlobalSection(ProjectConfigurationPlatforms) = postSolution
		{C024734C-4F3E-4609-89DA-A2E24697712E}.Debug|Any CPU.ActiveCfg = Debug|Any CPU
		{C024734C-4F3E-4609-89DA-A2E24697712E}.Debug|Any CPU.Build.0 = Debug|Any CPU
		{C024734C-4F3E-4609-89DA-A2E24697712E}.Release|Any CPU.ActiveCfg = Release|Any CPU
		{C024734C-4F3E-4609-89DA-A2E24697712E}.Release|Any CPU.Build.0 = Release|Any CPU
		{3AE2DDE3-2A80-4021-8CB6-312004DC8A80}.Debug|Any CPU.ActiveCfg = Debug|Any CPU
		{3AE2DDE3-2A80-4021-8CB6-312004DC8A80}.Debug|Any CPU.Build.0 = Debug|Any CPU
		{3AE2DDE3-2A80-4021-8CB6-312004DC8A80}.Release|Any CPU.ActiveCfg = Release|Any CPU
		{3AE2DDE3-2A80-4021-8CB6-312004DC8A80}.Release|Any CPU.Build.0 = Release|Any CPU
		{59CC80E0-5A49-4F29-BB57-00B60505307B}.Debug|Any CPU.ActiveCfg = Debug|Any CPU
		{59CC80E0-5A49-4F29-BB57-00B60505307B}.Debug|Any CPU.Build.0 = Debug|Any CPU
		{59CC80E0-5A49-4F29-BB57-00B60505307B}.Release|Any CPU.ActiveCfg = Release|Any CPU
		{59CC80E0-5A49-4F29-BB57-00B60505307B}.Release|Any CPU.Build.0 = Release|Any CPU
		{5394A23C-3D09-4943-ADD4-CD5286A8449C}.Debug|Any CPU.ActiveCfg = Debug|Any CPU
		{5394A23C-3D09-4943-ADD4-CD5286A8449C}.Debug|Any CPU.Build.0 = Debug|Any CPU
		{5394A23C-3D09-4943-ADD4-CD5286A8449C}.Release|Any CPU.ActiveCfg = Release|Any CPU
		{5394A23C-3D09-4943-ADD4-CD5286A8449C}.Release|Any CPU.Build.0 = Release|Any CPU
		{DD70D026-B757-4316-9325-179BE6DC6757}.Debug|Any CPU.ActiveCfg = Debug|Any CPU
		{DD70D026-B757-4316-9325-179BE6DC6757}.Debug|Any CPU.Build.0 = Debug|Any CPU
		{DD70D026-B757-4316-9325-179BE6DC6757}.Release|Any CPU.ActiveCfg = Release|Any CPU
		{DD70D026-B757-4316-9325-179BE6DC6757}.Release|Any CPU.Build.0 = Release|Any CPU
		{979E766A-D1F1-482D-AF50-F84C5CD79979}.Debug|Any CPU.ActiveCfg = Debug|Any CPU
		{979E766A-D1F1-482D-AF50-F84C5CD79979}.Debug|Any CPU.Build.0 = Debug|Any CPU
		{979E766A-D1F1-482D-AF50-F84C5CD79979}.Release|Any CPU.ActiveCfg = Release|Any CPU
		{979E766A-D1F1-482D-AF50-F84C5CD79979}.Release|Any CPU.Build.0 = Release|Any CPU
		{580E40A7-8FFD-4ECD-BC28-3F845A7807FC}.Debug|Any CPU.ActiveCfg = Debug|Any CPU
		{580E40A7-8FFD-4ECD-BC28-3F845A7807FC}.Debug|Any CPU.Build.0 = Debug|Any CPU
		{580E40A7-8FFD-4ECD-BC28-3F845A7807FC}.Release|Any CPU.ActiveCfg = Release|Any CPU
		{580E40A7-8FFD-4ECD-BC28-3F845A7807FC}.Release|Any CPU.Build.0 = Release|Any CPU
		{600E40A7-8FFD-4ECD-BC28-3F845A7807FC}.Debug|Any CPU.ActiveCfg = Debug|Any CPU
		{600E40A7-8FFD-4ECD-BC28-3F845A7807FC}.Debug|Any CPU.Build.0 = Debug|Any CPU
		{600E40A7-8FFD-4ECD-BC28-3F845A7807FC}.Release|Any CPU.ActiveCfg = Release|Any CPU
		{600E40A7-8FFD-4ECD-BC28-3F845A7807FC}.Release|Any CPU.Build.0 = Release|Any CPU
		{81C90A0D-CBB8-4609-BE45-3DBB16501ECE}.Debug|Any CPU.ActiveCfg = Debug|Any CPU
		{81C90A0D-CBB8-4609-BE45-3DBB16501ECE}.Debug|Any CPU.Build.0 = Debug|Any CPU
		{81C90A0D-CBB8-4609-BE45-3DBB16501ECE}.Debug|x64.ActiveCfg = Debug|x64
		{81C90A0D-CBB8-4609-BE45-3DBB16501ECE}.Debug|x64.Build.0 = Debug|x64
		{81C90A0D-CBB8-4609-BE45-3DBB16501ECE}.Debug|x86.ActiveCfg = Debug|x86
		{81C90A0D-CBB8-4609-BE45-3DBB16501ECE}.Debug|x86.Build.0 = Debug|x86
		{81C90A0D-CBB8-4609-BE45-3DBB16501ECE}.Release|Any CPU.ActiveCfg = Release|Any CPU
		{81C90A0D-CBB8-4609-BE45-3DBB16501ECE}.Release|Any CPU.Build.0 = Release|Any CPU
		{81C90A0D-CBB8-4609-BE45-3DBB16501ECE}.Release|x64.ActiveCfg = Release|x64
		{81C90A0D-CBB8-4609-BE45-3DBB16501ECE}.Release|x64.Build.0 = Release|x64
		{81C90A0D-CBB8-4609-BE45-3DBB16501ECE}.Release|x86.ActiveCfg = Release|x86
		{81C90A0D-CBB8-4609-BE45-3DBB16501ECE}.Release|x86.Build.0 = Release|x86
	EndGlobalSection
	GlobalSection(SolutionProperties) = preSolution
		HideSolutionNode = FALSE
	EndGlobalSection
	GlobalSection(NestedProjects) = preSolution
		{59CC80E0-5A49-4F29-BB57-00B60505307B} = {502B606B-B579-48A4-9D3D-6718AF9DE0D9}
		{5394A23C-3D09-4943-ADD4-CD5286A8449C} = {502B606B-B579-48A4-9D3D-6718AF9DE0D9}
		{DD70D026-B757-4316-9325-179BE6DC6757} = {502B606B-B579-48A4-9D3D-6718AF9DE0D9}
		{979E766A-D1F1-482D-AF50-F84C5CD79979} = {502B606B-B579-48A4-9D3D-6718AF9DE0D9}
		{81C90A0D-CBB8-4609-BE45-3DBB16501ECE} = {1D03168B-7F04-4EAD-94FE-814313B57ED7}
	EndGlobalSection
	GlobalSection(ExtensibilityGlobals) = postSolution
		SolutionGuid = {BA675CE2-512E-4962-93C2-A75BEEC44DFB}
	EndGlobalSection
EndGlobal
